<?xml version="1.0" encoding="UTF-8"?>
<CONFIG>
  <ProjectOptions>
    <Version Value="11"/>
    <PathDelim Value="\"/>
    <General>
      <Flags>
        <MainUnitHasCreateFormStatements Value="False"/>
        <MainUnitHasTitleStatement Value="False"/>
        <MainUnitHasScaledStatement Value="False"/>
        <Runnable Value="False"/>
      </Flags>
      <MainUnit Value="0"/>
      <Title Value="lclfiledialog"/>
      <UseAppBundle Value="False"/>
      <ResourceType Value="res"/>
    </General>
    <BuildModes Count="1" Active="Default">
      <Item1 Name="Default" Default="True"/>
    </BuildModes>
    <PublishOptions>
      <Version Value="2"/>
      <UseFileFilters Value="True"/>
    </PublishOptions>
    <RunParams>
      <FormatVersion Value="2"/>
      <Modes Count="0"/>
    </RunParams>
    <RequiredPackages Count="1">
      <Item1>
        <PackageName Value="LCL"/>
      </Item1>
    </RequiredPackages>
    <Units Count="7">
      <Unit0>
        <Filename Value="lclfiledialog.lpr"/>
        <IsPartOfProject Value="True"/>
        <IsVisibleTab Value="True"/>
        <TopLine Value="37"/>
        <CursorPos Y="49"/>
        <UsageCount Value="20"/>
        <Loaded Value="True"/>
      </Unit0>
      <Unit1>
        <Filename Value="e:\lazarus2.0.12x64\lcl\interfaces\win32\interfaces.pp"/>
        <UnitName Value="Interfaces"/>
        <EditorIndex Value="-1"/>
        <TopLine Value="10"/>
        <CursorPos X="12" Y="29"/>
        <UsageCount Value="10"/>
      </Unit1>
      <Unit2>
        <Filename Value="e:\lazarus2.0.12x64\lcl\forms.pp"/>
        <UnitName Value="Forms"/>
        <EditorIndex Value="-1"/>
        <UsageCount Value="10"/>
      </Unit2>
      <Unit3>
        <Filename Value="e:\lazarus2.0.12x64\components\lazutils\lazutf8.pas"/>
        <UnitName Value="LazUTF8"/>
        <EditorIndex Value="-1"/>
        <UsageCount Value="10"/>
      </Unit3>
      <Unit4>
        <Filename Value="e:\lazarus2.0.12x64\lcl\interfacebase.pp"/>
        <UnitName Value="InterfaceBase"/>
        <EditorIndex Value="-1"/>
        <UsageCount Value="10"/>
      </Unit4>
      <Unit5>
        <Filename Value="..\lclfiledialog old\filenativedialog.pas"/>
        <UnitName Value="FileNativeDialog"/>
        <EditorIndex Value="-1"/>
        <TopLine Value="208"/>
        <CursorPos X="4" Y="221"/>
        <FoldState Value=" T7XEx TLj90f20"/>
        <UsageCount Value="10"/>
      </Unit5>
      <Unit6>
        <Filename Value="..\filenativedialog (2)\filenativedialog.lpr"/>
        <UnitName Value="FileNativeDialog"/>
        <EditorIndex Value="-1"/>
        <TopLine Value="40"/>
        <CursorPos X="5" Y="52"/>
        <UsageCount Value="10"/>
      </Unit6>
    </Units>
    <JumpHistory Count="4" HistoryIndex="3">
      <Position1>
        <Filename Value="lclfiledialog.lpr"/>
        <Caret Line="4" Column="16"/>
      </Position1>
      <Position2>
        <Filename Value="lclfiledialog.lpr"/>
        <Caret Line="120" TopLine="41"/>
      </Position2>
      <Position3>
        <Filename Value="lclfiledialog.lpr"/>
        <Caret TopLine="34"/>
      </Position3>
      <Position4>
        <Filename Value="lclfiledialog.lpr"/>
        <Caret Line="51" Column="5" TopLine="40"/>
      </Position4>
    </JumpHistory>
  </ProjectOptions>
  <CompilerOptions>
    <Version Value="11"/>
    <PathDelim Value="\"/>
    <Target>
      <Filename Value="lclfiledialog"/>
    </Target>
    <SearchPaths>
      <IncludeFiles Value="$(ProjOutDir)"/>
      <UnitOutputDirectory Value="lib"/>
    </SearchPaths>
    <Parsing>
      <SyntaxOptions>
        <IncludeAssertionCode Value="True"/>
      </SyntaxOptions>
    </Parsing>
    <CodeGeneration>
      <SmartLinkUnit Value="True"/>
      <Optimizations>
        <OptimizationLevel Value="4"/>
      </Optimizations>
      <SmallerCode Value="True"/>
    </CodeGeneration>
    <Linking>
      <Debugging>
        <GenerateDebugInfo Value="False"/>
      </Debugging>
      <LinkSmart Value="True"/>
      <Options>
        <ExecutableType Value="Library"/>
      </Options>
    </Linking>
    <Other>
      <Verbosity>
        <ShowWarn Value="False"/>
        <ShowNotes Value="False"/>
        <ShowHints Value="False"/>
      </Verbosity>
      <WriteFPCLogo Value="False"/>
    </Other>
  </CompilerOptions>
  <Debugging>
    <Exceptions Count="3">
      <Item1>
        <Name Value="EAbort"/>
      </Item1>
      <Item2>
        <Name Value="ECodetoolError"/>
      </Item2>
      <Item3>
        <Name Value="EFOpenError"/>
      </Item3>
    </Exceptions>
  </Debugging>
</CONFIG>
